
Microsoft Visual Studio Solution File, Format Version 12.00
# Visual Studio Version 16
VisualStudioVersion = 16.0.29403.142
MinimumVisualStudioVersion = 10.0.40219.1
Project("{8BC9CEB8-8B4A-11D0-8D11-00A0C91BC942}") = "Comb_Sort", "Comb_Sort\Comb_Sort.vcxproj", "{8A90F7F0-D89B-4679-BDB2-E5411CCE1AB9}"
EndProject
Project("{8BC9CEB8-8B4A-11D0-8D11-00A0C91BC942}") = "EjemploHerenciaPolimorfismo", "EjemploHerenciaPolimorfismo\EjemploHerenciaPolimorfismo.vcxproj", "{07872D93-E298-4F8F-812B-138F87FB82E8}"
EndProject
Project("{8BC9CEB8-8B4A-11D0-8D11-00A0C91BC942}") = "EjemploArreglos", "EjemploArreglos\EjemploArreglos.vcxproj", "{FBB38FF7-B188-42E6-B9FD-42796CFEE613}"
EndProject
Project("{8BC9CEB8-8B4A-11D0-8D11-00A0C91BC942}") = "EjemploLista", "EjemploLista\EjemploLista.vcxproj", "{A8B57A4E-2CD4-4A89-9E12-FC6209248878}"
EndProject
Project("{8BC9CEB8-8B4A-11D0-8D11-00A0C91BC942}") = "TareaLista", "TareaLista\TareaLista.vcxproj", "{63E3D918-ECA0-49C4-AD20-AABD9D5BD66F}"
EndProject
Project("{8BC9CEB8-8B4A-11D0-8D11-00A0C91BC942}") = "Ejemplo_Pila", "Ejemplo_Pila\Ejemplo_Pila.vcxproj", "{ACDF72E9-A597-4C72-AA02-2A0B30A7A764}"
EndProject
Project("{8BC9CEB8-8B4A-11D0-8D11-00A0C91BC942}") = "TrabajoEnClase_Stack", "TrabajoEnClase_Stack\TrabajoEnClase_Stack.vcxproj", "{B64B9D20-2BE5-4186-B158-D331E4F876AA}"
EndProject
Project("{8BC9CEB8-8B4A-11D0-8D11-00A0C91BC942}") = "Google_PageRank", "Google_PageRank\Google_PageRank.vcxproj", "{913AA500-8D03-4CB0-9625-670ADB4B11C4}"
EndProject
Project("{8BC9CEB8-8B4A-11D0-8D11-00A0C91BC942}") = "Tarea_Cola(Queue)", "Tarea_Cola(Queue)\Tarea_Cola(Queue).vcxproj", "{BAD10DF7-109C-4D56-A18A-A3280B8194DE}"
EndProject
Project("{8BC9CEB8-8B4A-11D0-8D11-00A0C91BC942}") = "SistemaMatricula", "SistemaMatricula\SistemaMatricula.vcxproj", "{6486F1AC-9822-4F62-B0BC-9122EAB408E9}"
EndProject
Project("{8BC9CEB8-8B4A-11D0-8D11-00A0C91BC942}") = "Ejemplo_ArbolNario", "Ejemplo_ArbolNario\Ejemplo_ArbolNario.vcxproj", "{A324929D-C922-48DE-B25E-009C8D35E22E}"
EndProject
Project("{8BC9CEB8-8B4A-11D0-8D11-00A0C91BC942}") = "Trabajo_Arbol-nario", "Trabajo_Arbol-nario\Trabajo_Arbol-nario.vcxproj", "{0AE92CB8-4A02-459C-B7B0-48490DB3664F}"
EndProject
Project("{8BC9CEB8-8B4A-11D0-8D11-00A0C91BC942}") = "Ejemplo_Grafo", "Ejemplo_Grafo\Ejemplo_Grafo.vcxproj", "{D59C27F2-923F-49BF-88A3-D6EBCC45BB3C}"
EndProject
Project("{8BC9CEB8-8B4A-11D0-8D11-00A0C91BC942}") = "Algoritmo_de_Kruskal", "Algoritmo_de_Kruskal\Algoritmo_de_Kruskal.vcxproj", "{4392FE56-2402-445A-9A55-38FC022DEF3C}"
EndProject
Global
	GlobalSection(SolutionConfigurationPlatforms) = preSolution
		Debug|x64 = Debug|x64
		Debug|x86 = Debug|x86
		Release|x64 = Release|x64
		Release|x86 = Release|x86
	EndGlobalSection
	GlobalSection(ProjectConfigurationPlatforms) = postSolution
		{8A90F7F0-D89B-4679-BDB2-E5411CCE1AB9}.Debug|x64.ActiveCfg = Debug|x64
		{8A90F7F0-D89B-4679-BDB2-E5411CCE1AB9}.Debug|x64.Build.0 = Debug|x64
		{8A90F7F0-D89B-4679-BDB2-E5411CCE1AB9}.Debug|x86.ActiveCfg = Debug|Win32
		{8A90F7F0-D89B-4679-BDB2-E5411CCE1AB9}.Debug|x86.Build.0 = Debug|Win32
		{8A90F7F0-D89B-4679-BDB2-E5411CCE1AB9}.Release|x64.ActiveCfg = Release|x64
		{8A90F7F0-D89B-4679-BDB2-E5411CCE1AB9}.Release|x64.Build.0 = Release|x64
		{8A90F7F0-D89B-4679-BDB2-E5411CCE1AB9}.Release|x86.ActiveCfg = Release|Win32
		{8A90F7F0-D89B-4679-BDB2-E5411CCE1AB9}.Release|x86.Build.0 = Release|Win32
		{07872D93-E298-4F8F-812B-138F87FB82E8}.Debug|x64.ActiveCfg = Debug|x64
		{07872D93-E298-4F8F-812B-138F87FB82E8}.Debug|x64.Build.0 = Debug|x64
		{07872D93-E298-4F8F-812B-138F87FB82E8}.Debug|x86.ActiveCfg = Debug|Win32
		{07872D93-E298-4F8F-812B-138F87FB82E8}.Debug|x86.Build.0 = Debug|Win32
		{07872D93-E298-4F8F-812B-138F87FB82E8}.Release|x64.ActiveCfg = Release|x64
		{07872D93-E298-4F8F-812B-138F87FB82E8}.Release|x64.Build.0 = Release|x64
		{07872D93-E298-4F8F-812B-138F87FB82E8}.Release|x86.ActiveCfg = Release|Win32
		{07872D93-E298-4F8F-812B-138F87FB82E8}.Release|x86.Build.0 = Release|Win32
		{FBB38FF7-B188-42E6-B9FD-42796CFEE613}.Debug|x64.ActiveCfg = Debug|x64
		{FBB38FF7-B188-42E6-B9FD-42796CFEE613}.Debug|x64.Build.0 = Debug|x64
		{FBB38FF7-B188-42E6-B9FD-42796CFEE613}.Debug|x86.ActiveCfg = Debug|Win32
		{FBB38FF7-B188-42E6-B9FD-42796CFEE613}.Debug|x86.Build.0 = Debug|Win32
		{FBB38FF7-B188-42E6-B9FD-42796CFEE613}.Release|x64.ActiveCfg = Release|x64
		{FBB38FF7-B188-42E6-B9FD-42796CFEE613}.Release|x64.Build.0 = Release|x64
		{FBB38FF7-B188-42E6-B9FD-42796CFEE613}.Release|x86.ActiveCfg = Release|Win32
		{FBB38FF7-B188-42E6-B9FD-42796CFEE613}.Release|x86.Build.0 = Release|Win32
		{A8B57A4E-2CD4-4A89-9E12-FC6209248878}.Debug|x64.ActiveCfg = Debug|x64
		{A8B57A4E-2CD4-4A89-9E12-FC6209248878}.Debug|x64.Build.0 = Debug|x64
		{A8B57A4E-2CD4-4A89-9E12-FC6209248878}.Debug|x86.ActiveCfg = Debug|Win32
		{A8B57A4E-2CD4-4A89-9E12-FC6209248878}.Debug|x86.Build.0 = Debug|Win32
		{A8B57A4E-2CD4-4A89-9E12-FC6209248878}.Release|x64.ActiveCfg = Release|x64
		{A8B57A4E-2CD4-4A89-9E12-FC6209248878}.Release|x64.Build.0 = Release|x64
		{A8B57A4E-2CD4-4A89-9E12-FC6209248878}.Release|x86.ActiveCfg = Release|Win32
		{A8B57A4E-2CD4-4A89-9E12-FC6209248878}.Release|x86.Build.0 = Release|Win32
		{63E3D918-ECA0-49C4-AD20-AABD9D5BD66F}.Debug|x64.ActiveCfg = Debug|x64
		{63E3D918-ECA0-49C4-AD20-AABD9D5BD66F}.Debug|x64.Build.0 = Debug|x64
		{63E3D918-ECA0-49C4-AD20-AABD9D5BD66F}.Debug|x86.ActiveCfg = Debug|Win32
		{63E3D918-ECA0-49C4-AD20-AABD9D5BD66F}.Debug|x86.Build.0 = Debug|Win32
		{63E3D918-ECA0-49C4-AD20-AABD9D5BD66F}.Release|x64.ActiveCfg = Release|x64
		{63E3D918-ECA0-49C4-AD20-AABD9D5BD66F}.Release|x64.Build.0 = Release|x64
		{63E3D918-ECA0-49C4-AD20-AABD9D5BD66F}.Release|x86.ActiveCfg = Release|Win32
		{63E3D918-ECA0-49C4-AD20-AABD9D5BD66F}.Release|x86.Build.0 = Release|Win32
		{ACDF72E9-A597-4C72-AA02-2A0B30A7A764}.Debug|x64.ActiveCfg = Debug|x64
		{ACDF72E9-A597-4C72-AA02-2A0B30A7A764}.Debug|x64.Build.0 = Debug|x64
		{ACDF72E9-A597-4C72-AA02-2A0B30A7A764}.Debug|x86.ActiveCfg = Debug|Win32
		{ACDF72E9-A597-4C72-AA02-2A0B30A7A764}.Debug|x86.Build.0 = Debug|Win32
		{ACDF72E9-A597-4C72-AA02-2A0B30A7A764}.Release|x64.ActiveCfg = Release|x64
		{ACDF72E9-A597-4C72-AA02-2A0B30A7A764}.Release|x64.Build.0 = Release|x64
		{ACDF72E9-A597-4C72-AA02-2A0B30A7A764}.Release|x86.ActiveCfg = Release|Win32
		{ACDF72E9-A597-4C72-AA02-2A0B30A7A764}.Release|x86.Build.0 = Release|Win32
		{B64B9D20-2BE5-4186-B158-D331E4F876AA}.Debug|x64.ActiveCfg = Debug|x64
		{B64B9D20-2BE5-4186-B158-D331E4F876AA}.Debug|x64.Build.0 = Debug|x64
		{B64B9D20-2BE5-4186-B158-D331E4F876AA}.Debug|x86.ActiveCfg = Debug|Win32
		{B64B9D20-2BE5-4186-B158-D331E4F876AA}.Debug|x86.Build.0 = Debug|Win32
		{B64B9D20-2BE5-4186-B158-D331E4F876AA}.Release|x64.ActiveCfg = Release|x64
		{B64B9D20-2BE5-4186-B158-D331E4F876AA}.Release|x64.Build.0 = Release|x64
		{B64B9D20-2BE5-4186-B158-D331E4F876AA}.Release|x86.ActiveCfg = Release|Win32
		{B64B9D20-2BE5-4186-B158-D331E4F876AA}.Release|x86.Build.0 = Release|Win32
		{913AA500-8D03-4CB0-9625-670ADB4B11C4}.Debug|x64.ActiveCfg = Debug|x64
		{913AA500-8D03-4CB0-9625-670ADB4B11C4}.Debug|x64.Build.0 = Debug|x64
		{913AA500-8D03-4CB0-9625-670ADB4B11C4}.Debug|x86.ActiveCfg = Debug|Win32
		{913AA500-8D03-4CB0-9625-670ADB4B11C4}.Debug|x86.Build.0 = Debug|Win32
		{913AA500-8D03-4CB0-9625-670ADB4B11C4}.Release|x64.ActiveCfg = Release|x64
		{913AA500-8D03-4CB0-9625-670ADB4B11C4}.Release|x64.Build.0 = Release|x64
		{913AA500-8D03-4CB0-9625-670ADB4B11C4}.Release|x86.ActiveCfg = Release|Win32
		{913AA500-8D03-4CB0-9625-670ADB4B11C4}.Release|x86.Build.0 = Release|Win32
		{BAD10DF7-109C-4D56-A18A-A3280B8194DE}.Debug|x64.ActiveCfg = Debug|x64
		{BAD10DF7-109C-4D56-A18A-A3280B8194DE}.Debug|x64.Build.0 = Debug|x64
		{BAD10DF7-109C-4D56-A18A-A3280B8194DE}.Debug|x86.ActiveCfg = Debug|Win32
		{BAD10DF7-109C-4D56-A18A-A3280B8194DE}.Debug|x86.Build.0 = Debug|Win32
		{BAD10DF7-109C-4D56-A18A-A3280B8194DE}.Release|x64.ActiveCfg = Release|x64
		{BAD10DF7-109C-4D56-A18A-A3280B8194DE}.Release|x64.Build.0 = Release|x64
		{BAD10DF7-109C-4D56-A18A-A3280B8194DE}.Release|x86.ActiveCfg = Release|Win32
		{BAD10DF7-109C-4D56-A18A-A3280B8194DE}.Release|x86.Build.0 = Release|Win32
		{6486F1AC-9822-4F62-B0BC-9122EAB408E9}.Debug|x64.ActiveCfg = Debug|x64
		{6486F1AC-9822-4F62-B0BC-9122EAB408E9}.Debug|x64.Build.0 = Debug|x64
		{6486F1AC-9822-4F62-B0BC-9122EAB408E9}.Debug|x86.ActiveCfg = Debug|Win32
		{6486F1AC-9822-4F62-B0BC-9122EAB408E9}.Debug|x86.Build.0 = Debug|Win32
		{6486F1AC-9822-4F62-B0BC-9122EAB408E9}.Release|x64.ActiveCfg = Release|x64
		{6486F1AC-9822-4F62-B0BC-9122EAB408E9}.Release|x64.Build.0 = Release|x64
		{6486F1AC-9822-4F62-B0BC-9122EAB408E9}.Release|x86.ActiveCfg = Release|Win32
		{6486F1AC-9822-4F62-B0BC-9122EAB408E9}.Release|x86.Build.0 = Release|Win32
		{A324929D-C922-48DE-B25E-009C8D35E22E}.Debug|x64.ActiveCfg = Debug|x64
		{A324929D-C922-48DE-B25E-009C8D35E22E}.Debug|x64.Build.0 = Debug|x64
		{A324929D-C922-48DE-B25E-009C8D35E22E}.Debug|x86.ActiveCfg = Debug|Win32
		{A324929D-C922-48DE-B25E-009C8D35E22E}.Debug|x86.Build.0 = Debug|Win32
		{A324929D-C922-48DE-B25E-009C8D35E22E}.Release|x64.ActiveCfg = Release|x64
		{A324929D-C922-48DE-B25E-009C8D35E22E}.Release|x64.Build.0 = Release|x64
		{A324929D-C922-48DE-B25E-009C8D35E22E}.Release|x86.ActiveCfg = Release|Win32
		{A324929D-C922-48DE-B25E-009C8D35E22E}.Release|x86.Build.0 = Release|Win32
		{0AE92CB8-4A02-459C-B7B0-48490DB3664F}.Debug|x64.ActiveCfg = Debug|x64
		{0AE92CB8-4A02-459C-B7B0-48490DB3664F}.Debug|x64.Build.0 = Debug|x64
		{0AE92CB8-4A02-459C-B7B0-48490DB3664F}.Debug|x86.ActiveCfg = Debug|Win32
		{0AE92CB8-4A02-459C-B7B0-48490DB3664F}.Debug|x86.Build.0 = Debug|Win32
		{0AE92CB8-4A02-459C-B7B0-48490DB3664F}.Release|x64.ActiveCfg = Release|x64
		{0AE92CB8-4A02-459C-B7B0-48490DB3664F}.Release|x64.Build.0 = Release|x64
		{0AE92CB8-4A02-459C-B7B0-48490DB3664F}.Release|x86.ActiveCfg = Release|Win32
		{0AE92CB8-4A02-459C-B7B0-48490DB3664F}.Release|x86.Build.0 = Release|Win32
		{D59C27F2-923F-49BF-88A3-D6EBCC45BB3C}.Debug|x64.ActiveCfg = Debug|x64
		{D59C27F2-923F-49BF-88A3-D6EBCC45BB3C}.Debug|x64.Build.0 = Debug|x64
		{D59C27F2-923F-49BF-88A3-D6EBCC45BB3C}.Debug|x86.ActiveCfg = Debug|Win32
		{D59C27F2-923F-49BF-88A3-D6EBCC45BB3C}.Debug|x86.Build.0 = Debug|Win32
		{D59C27F2-923F-49BF-88A3-D6EBCC45BB3C}.Release|x64.ActiveCfg = Release|x64
		{D59C27F2-923F-49BF-88A3-D6EBCC45BB3C}.Release|x64.Build.0 = Release|x64
		{D59C27F2-923F-49BF-88A3-D6EBCC45BB3C}.Release|x86.ActiveCfg = Release|Win32
		{D59C27F2-923F-49BF-88A3-D6EBCC45BB3C}.Release|x86.Build.0 = Release|Win32
		{4392FE56-2402-445A-9A55-38FC022DEF3C}.Debug|x64.ActiveCfg = Debug|x64
		{4392FE56-2402-445A-9A55-38FC022DEF3C}.Debug|x64.Build.0 = Debug|x64
		{4392FE56-2402-445A-9A55-38FC022DEF3C}.Debug|x86.ActiveCfg = Debug|Win32
		{4392FE56-2402-445A-9A55-38FC022DEF3C}.Debug|x86.Build.0 = Debug|Win32
		{4392FE56-2402-445A-9A55-38FC022DEF3C}.Release|x64.ActiveCfg = Release|x64
		{4392FE56-2402-445A-9A55-38FC022DEF3C}.Release|x64.Build.0 = Release|x64
		{4392FE56-2402-445A-9A55-38FC022DEF3C}.Release|x86.ActiveCfg = Release|Win32
		{4392FE56-2402-445A-9A55-38FC022DEF3C}.Release|x86.Build.0 = Release|Win32
	EndGlobalSection
	GlobalSection(SolutionProperties) = preSolution
		HideSolutionNode = FALSE
	EndGlobalSection
	GlobalSection(ExtensibilityGlobals) = postSolution
		SolutionGuid = {A490564C-5494-471A-B924-015511AFB83E}
	EndGlobalSection
EndGlobal
